
Microsoft Visual Studio Solution File, Format Version 12.00
# Visual Studio Version 16
VisualStudioVersion = 16.0.31911.196
MinimumVisualStudioVersion = 10.0.40219.1
Project("{FAE04EC0-301F-11D3-BF4B-00C04F79EFBC}") = "Fig_Square", "TestTask1\Fig_Square.csproj", "{1F5EBBDE-6ADD-46D5-9BA1-60293F6AAF8C}"
EndProject
Project("{FAE04EC0-301F-11D3-BF4B-00C04F79EFBC}") = "FigSquareTEST", "FigSquareTEST\FigSquareTEST.csproj", "{93493ECF-15AA-4DF3-B552-616987F94189}"
EndProject
Global
	GlobalSection(SolutionConfigurationPlatforms) = preSolution
		Debug|Any CPU = Debug|Any CPU
		Release|Any CPU = Release|Any CPU
	EndGlobalSection
	GlobalSection(ProjectConfigurationPlatforms) = postSolution
		{1F5EBBDE-6ADD-46D5-9BA1-60293F6AAF8C}.Debug|Any CPU.ActiveCfg = Debug|Any CPU
		{1F5EBBDE-6ADD-46D5-9BA1-60293F6AAF8C}.Debug|Any CPU.Build.0 = Debug|Any CPU
		{1F5EBBDE-6ADD-46D5-9BA1-60293F6AAF8C}.Release|Any CPU.ActiveCfg = Release|Any CPU
		{1F5EBBDE-6ADD-46D5-9BA1-60293F6AAF8C}.Release|Any CPU.Build.0 = Release|Any CPU
		{93493ECF-15AA-4DF3-B552-616987F94189}.Debug|Any CPU.ActiveCfg = Debug|Any CPU
		{93493ECF-15AA-4DF3-B552-616987F94189}.Debug|Any CPU.Build.0 = Debug|Any CPU
		{93493ECF-15AA-4DF3-B552-616987F94189}.Release|Any CPU.ActiveCfg = Release|Any CPU
		{93493ECF-15AA-4DF3-B552-616987F94189}.Release|Any CPU.Build.0 = Release|Any CPU
	EndGlobalSection
	GlobalSection(SolutionProperties) = preSolution
		HideSolutionNode = FALSE
	EndGlobalSection
	GlobalSection(ExtensibilityGlobals) = postSolution
		SolutionGuid = {DFD7B98D-96F5-4075-94DC-3DACE1417805}
	EndGlobalSection
EndGlobal
